
Microsoft Visual Studio Solution File, Format Version 12.00
# Visual Studio Version 17
VisualStudioVersion = 17.7.34031.279
MinimumVisualStudioVersion = 10.0.40219.1
Project("{888888A0-9F3D-457C-B088-3A5042F75D52}") = "Suma Iterativa Python", "Suma Iterativa Python\Suma Iterativa Python.pyproj", "{E77BF6F9-C839-4EBE-95DB-DA4C06E60983}"
EndProject
Global
	GlobalSection(SolutionConfigurationPlatforms) = preSolution
		Debug|Any CPU = Debug|Any CPU
		Release|Any CPU = Release|Any CPU
	EndGlobalSection
	GlobalSection(ProjectConfigurationPlatforms) = postSolution
		{E77BF6F9-C839-4EBE-95DB-DA4C06E60983}.Debug|Any CPU.ActiveCfg = Debug|Any CPU
		{E77BF6F9-C839-4EBE-95DB-DA4C06E60983}.Release|Any CPU.ActiveCfg = Release|Any CPU
	EndGlobalSection
	GlobalSection(SolutionProperties) = preSolution
		HideSolutionNode = FALSE
	EndGlobalSection
	GlobalSection(ExtensibilityGlobals) = postSolution
		SolutionGuid = {C0B8FEF1-32D1-471A-BC3E-2EE532888A8D}
	EndGlobalSection
EndGlobal
